// !$*UTF8*$!
{
	archiveVersion = 1;
	classes = {
	};
	objectVersion = 46;
	objects = {

/* Begin PBXBuildFile section */
		50015F0214F4F0AD00733C83 /* DWLabel.m in Sources */ = {isa = PBXBuildFile; fileRef = 50015F0114F4F0AD00733C83 /* DWLabel.m */; };
		506DFC7614F512F800CDC3EC /* Icon-72.png in Resources */ = {isa = PBXBuildFile; fileRef = 506DFC6F14F512F800CDC3EC /* Icon-72.png */; };
		506DFC7714F512F800CDC3EC /* Icon-Small-50.png in Resources */ = {isa = PBXBuildFile; fileRef = 506DFC7014F512F800CDC3EC /* Icon-Small-50.png */; };
		506DFC7814F512F800CDC3EC /* Icon-Small.png in Resources */ = {isa = PBXBuildFile; fileRef = 506DFC7114F512F800CDC3EC /* Icon-Small.png */; };
		506DFC7914F512F800CDC3EC /* Icon-Small@2x.png in Resources */ = {isa = PBXBuildFile; fileRef = 506DFC7214F512F800CDC3EC /* Icon-Small@2x.png */; };
		506DFC7A14F512F800CDC3EC /* Icon.png in Resources */ = {isa = PBXBuildFile; fileRef = 506DFC7314F512F800CDC3EC /* Icon.png */; };
		506DFC7B14F512F800CDC3EC /* Icon@2x.png in Resources */ = {isa = PBXBuildFile; fileRef = 506DFC7414F512F800CDC3EC /* Icon@2x.png */; };
		506DFC7C14F512F800CDC3EC /* iTunesArtwork in Resources */ = {isa = PBXBuildFile; fileRef = 506DFC7514F512F800CDC3EC /* iTunesArtwork */; };
		50CE061E14F3F08400682BBC /* UIKit.framework in Frameworks */ = {isa = PBXBuildFile; fileRef = 50CE061D14F3F08400682BBC /* UIKit.framework */; };
		50CE062014F3F08400682BBC /* Foundation.framework in Frameworks */ = {isa = PBXBuildFile; fileRef = 50CE061F14F3F08400682BBC /* Foundation.framework */; };
		50CE062214F3F08400682BBC /* CoreGraphics.framework in Frameworks */ = {isa = PBXBuildFile; fileRef = 50CE062114F3F08400682BBC /* CoreGraphics.framework */; };
		50CE062814F3F08400682BBC /* InfoPlist.strings in Resources */ = {isa = PBXBuildFile; fileRef = 50CE062614F3F08400682BBC /* InfoPlist.strings */; };
		50CE062A14F3F08400682BBC /* main.m in Sources */ = {isa = PBXBuildFile; fileRef = 50CE062914F3F08400682BBC /* main.m */; };
		50CE062E14F3F08400682BBC /* DIWUAppDelegate.m in Sources */ = {isa = PBXBuildFile; fileRef = 50CE062D14F3F08400682BBC /* DIWUAppDelegate.m */; };
		50CE063714F3F81E00682BBC /* DIWURootViewController.m in Sources */ = {isa = PBXBuildFile; fileRef = 50CE063614F3F81E00682BBC /* DIWURootViewController.m */; };
		50CE064414F3FA0700682BBC /* weixin@2x.png in Resources */ = {isa = PBXBuildFile; fileRef = 50CE064314F3FA0700682BBC /* weixin@2x.png */; };
/* End PBXBuildFile section */

/* Begin PBXFileReference section */
		50015F0014F4F0AD00733C83 /* DWLabel.h */ = {isa = PBXFileReference; fileEncoding = 4; lastKnownFileType = sourcecode.c.h; path = DWLabel.h; sourceTree = "<group>"; };
		50015F0114F4F0AD00733C83 /* DWLabel.m */ = {isa = PBXFileReference; fileEncoding = 4; lastKnownFileType = sourcecode.c.objc; path = DWLabel.m; sourceTree = "<group>"; };
		506DFC6F14F512F800CDC3EC /* Icon-72.png */ = {isa = PBXFileReference; lastKnownFileType = image.png; path = "Icon-72.png"; sourceTree = "<group>"; };
		506DFC7014F512F800CDC3EC /* Icon-Small-50.png */ = {isa = PBXFileReference; lastKnownFileType = image.png; path = "Icon-Small-50.png"; sourceTree = "<group>"; };
		506DFC7114F512F800CDC3EC /* Icon-Small.png */ = {isa = PBXFileReference; lastKnownFileType = image.png; path = "Icon-Small.png"; sourceTree = "<group>"; };
		506DFC7214F512F800CDC3EC /* Icon-Small@2x.png */ = {isa = PBXFileReference; lastKnownFileType = image.png; path = "Icon-Small@2x.png"; sourceTree = "<group>"; };
		506DFC7314F512F800CDC3EC /* Icon.png */ = {isa = PBXFileReference; lastKnownFileType = image.png; path = Icon.png; sourceTree = "<group>"; };
		506DFC7414F512F800CDC3EC /* Icon@2x.png */ = {isa = PBXFileReference; lastKnownFileType = image.png; path = "Icon@2x.png"; sourceTree = "<group>"; };
		506DFC7514F512F800CDC3EC /* iTunesArtwork */ = {isa = PBXFileReference; lastKnownFileType = file; path = iTunesArtwork; sourceTree = "<group>"; };
		50CE061914F3F08400682BBC /* weixinlabel.app */ = {isa = PBXFileReference; explicitFileType = wrapper.application; includeInIndex = 0; path = weixinlabel.app; sourceTree = BUILT_PRODUCTS_DIR; };
		50CE061D14F3F08400682BBC /* UIKit.framework */ = {isa = PBXFileReference; lastKnownFileType = wrapper.framework; name = UIKit.framework; path = System/Library/Frameworks/UIKit.framework; sourceTree = SDKROOT; };
		50CE061F14F3F08400682BBC /* Foundation.framework */ = {isa = PBXFileReference; lastKnownFileType = wrapper.framework; name = Foundation.framework; path = System/Library/Frameworks/Foundation.framework; sourceTree = SDKROOT; };
		50CE062114F3F08400682BBC /* CoreGraphics.framework */ = {isa = PBXFileReference; lastKnownFileType = wrapper.framework; name = CoreGraphics.framework; path = System/Library/Frameworks/CoreGraphics.framework; sourceTree = SDKROOT; };
		50CE062514F3F08400682BBC /* weixinlabel-Info.plist */ = {isa = PBXFileReference; lastKnownFileType = text.plist.xml; path = "weixinlabel-Info.plist"; sourceTree = "<group>"; };
		50CE062714F3F08400682BBC /* en */ = {isa = PBXFileReference; lastKnownFileType = text.plist.strings; name = en; path = en.lproj/InfoPlist.strings; sourceTree = "<group>"; };
		50CE062914F3F08400682BBC /* main.m */ = {isa = PBXFileReference; lastKnownFileType = sourcecode.c.objc; path = main.m; sourceTree = "<group>"; };
		50CE062B14F3F08400682BBC /* weixinlabel-Prefix.pch */ = {isa = PBXFileReference; lastKnownFileType = sourcecode.c.h; path = "weixinlabel-Prefix.pch"; sourceTree = "<group>"; };
		50CE062C14F3F08400682BBC /* DIWUAppDelegate.h */ = {isa = PBXFileReference; lastKnownFileType = sourcecode.c.h; path = DIWUAppDelegate.h; sourceTree = "<group>"; };
		50CE062D14F3F08400682BBC /* DIWUAppDelegate.m */ = {isa = PBXFileReference; lastKnownFileType = sourcecode.c.objc; path = DIWUAppDelegate.m; sourceTree = "<group>"; };
		50CE063514F3F81E00682BBC /* DIWURootViewController.h */ = {isa = PBXFileReference; fileEncoding = 4; lastKnownFileType = sourcecode.c.h; path = DIWURootViewController.h; sourceTree = "<group>"; };
		50CE063614F3F81E00682BBC /* DIWURootViewController.m */ = {isa = PBXFileReference; fileEncoding = 4; lastKnownFileType = sourcecode.c.objc; path = DIWURootViewController.m; sourceTree = "<group>"; };
		50CE064314F3FA0700682BBC /* weixin@2x.png */ = {isa = PBXFileReference; lastKnownFileType = image.png; path = "weixin@2x.png"; sourceTree = "<group>"; };
/* End PBXFileReference section */

/* Begin PBXFrameworksBuildPhase section */
		50CE061614F3F08400682BBC /* Frameworks */ = {
			isa = PBXFrameworksBuildPhase;
			buildActionMask = 2147483647;
			files = (
				50CE061E14F3F08400682BBC /* UIKit.framework in Frameworks */,
				50CE062014F3F08400682BBC /* Foundation.framework in Frameworks */,
				50CE062214F3F08400682BBC /* CoreGraphics.framework in Frameworks */,
			);
			runOnlyForDeploymentPostprocessing = 0;
		};
/* End PBXFrameworksBuildPhase section */

/* Begin PBXGroup section */
		50015EFE14F4F09000733C83 /* DWLabel */ = {
			isa = PBXGroup;
			children = (
				50015F0014F4F0AD00733C83 /* DWLabel.h */,
				50015F0114F4F0AD00733C83 /* DWLabel.m */,
			);
			name = DWLabel;
			sourceTree = "<group>";
		};
		50CE060E14F3F08400682BBC = {
			isa = PBXGroup;
			children = (
				506DFC6F14F512F800CDC3EC /* Icon-72.png */,
				506DFC7014F512F800CDC3EC /* Icon-Small-50.png */,
				506DFC7114F512F800CDC3EC /* Icon-Small.png */,
				506DFC7214F512F800CDC3EC /* Icon-Small@2x.png */,
				506DFC7314F512F800CDC3EC /* Icon.png */,
				506DFC7414F512F800CDC3EC /* Icon@2x.png */,
				506DFC7514F512F800CDC3EC /* iTunesArtwork */,
				50015EFE14F4F09000733C83 /* DWLabel */,
				50CE064014F3F9EE00682BBC /* PNG */,
				50CE063414F3F7F400682BBC /* Root View Controller */,
				50CE062314F3F08400682BBC /* weixinlabel */,
				50CE061C14F3F08400682BBC /* Frameworks */,
				50CE061A14F3F08400682BBC /* Products */,
			);
			sourceTree = "<group>";
		};
		50CE061A14F3F08400682BBC /* Products */ = {
			isa = PBXGroup;
			children = (
				50CE061914F3F08400682BBC /* weixinlabel.app */,
			);
			name = Products;
			sourceTree = "<group>";
		};
		50CE061C14F3F08400682BBC /* Frameworks */ = {
			isa = PBXGroup;
			children = (
				50CE061D14F3F08400682BBC /* UIKit.framework */,
				50CE061F14F3F08400682BBC /* Foundation.framework */,
				50CE062114F3F08400682BBC /* CoreGraphics.framework */,
			);
			name = Frameworks;
			sourceTree = "<group>";
		};
		50CE062314F3F08400682BBC /* weixinlabel */ = {
			isa = PBXGroup;
			children = (
				50CE062C14F3F08400682BBC /* DIWUAppDelegate.h */,
				50CE062D14F3F08400682BBC /* DIWUAppDelegate.m */,
				50CE062414F3F08400682BBC /* Supporting Files */,
			);
			path = weixinlabel;
			sourceTree = "<group>";
		};
		50CE062414F3F08400682BBC /* Supporting Files */ = {
			isa = PBXGroup;
			children = (
				50CE062514F3F08400682BBC /* weixinlabel-Info.plist */,
				50CE062614F3F08400682BBC /* InfoPlist.strings */,
				50CE062914F3F08400682BBC /* main.m */,
				50CE062B14F3F08400682BBC /* weixinlabel-Prefix.pch */,
			);
			name = "Supporting Files";
			sourceTree = "<group>";
		};
		50CE063414F3F7F400682BBC /* Root View Controller */ = {
			isa = PBXGroup;
			children = (
				50CE063514F3F81E00682BBC /* DIWURootViewController.h */,
				50CE063614F3F81E00682BBC /* DIWURootViewController.m */,
			);
			name = "Root View Controller";
			sourceTree = "<group>";
		};
		50CE064014F3F9EE00682BBC /* PNG */ = {
			isa = PBXGroup;
			children = (
				50CE064314F3FA0700682BBC /* weixin@2x.png */,
			);
			name = PNG;
			sourceTree = "<group>";
		};
/* End PBXGroup section */

/* Begin PBXNativeTarget section */
		50CE061814F3F08400682BBC /* weixinlabel */ = {
			isa = PBXNativeTarget;
			buildConfigurationList = 50CE063114F3F08400682BBC /* Build configuration list for PBXNativeTarget "weixinlabel" */;
			buildPhases = (
				50CE061514F3F08400682BBC /* Sources */,
				50CE061614F3F08400682BBC /* Frameworks */,
				50CE061714F3F08400682BBC /* Resources */,
			);
			buildRules = (
			);
			dependencies = (
			);
			name = weixinlabel;
			productName = weixinlabel;
			productReference = 50CE061914F3F08400682BBC /* weixinlabel.app */;
			productType = "com.apple.product-type.application";
		};
/* End PBXNativeTarget section */

/* Begin PBXProject section */
		50CE061014F3F08400682BBC /* Project object */ = {
			isa = PBXProject;
			attributes = {
				CLASSPREFIX = DIWU;
				LastUpgradeCheck = 0430;
			};
			buildConfigurationList = 50CE061314F3F08400682BBC /* Build configuration list for PBXProject "weixinlabel" */;
			compatibilityVersion = "Xcode 3.2";
			developmentRegion = English;
			hasScannedForEncodings = 0;
			knownRegions = (
				en,
			);
			mainGroup = 50CE060E14F3F08400682BBC;
			productRefGroup = 50CE061A14F3F08400682BBC /* Products */;
			projectDirPath = "";
			projectRoot = "";
			targets = (
				50CE061814F3F08400682BBC /* weixinlabel */,
			);
		};
/* End PBXProject section */

/* Begin PBXResourcesBuildPhase section */
		50CE061714F3F08400682BBC /* Resources */ = {
			isa = PBXResourcesBuildPhase;
			buildActionMask = 2147483647;
			files = (
				50CE062814F3F08400682BBC /* InfoPlist.strings in Resources */,
				50CE064414F3FA0700682BBC /* weixin@2x.png in Resources */,
				506DFC7614F512F800CDC3EC /* Icon-72.png in Resources */,
				506DFC7714F512F800CDC3EC /* Icon-Small-50.png in Resources */,
				506DFC7814F512F800CDC3EC /* Icon-Small.png in Resources */,
				506DFC7914F512F800CDC3EC /* Icon-Small@2x.png in Resources */,
				506DFC7A14F512F800CDC3EC /* Icon.png in Resources */,
				506DFC7B14F512F800CDC3EC /* Icon@2x.png in Resources */,
				506DFC7C14F512F800CDC3EC /* iTunesArtwork in Resources */,
			);
			runOnlyForDeploymentPostprocessing = 0;
		};
/* End PBXResourcesBuildPhase section */

/* Begin PBXSourcesBuildPhase section */
		50CE061514F3F08400682BBC /* Sources */ = {
			isa = PBXSourcesBuildPhase;
			buildActionMask = 2147483647;
			files = (
				50CE062A14F3F08400682BBC /* main.m in Sources */,
				50CE062E14F3F08400682BBC /* DIWUAppDelegate.m in Sources */,
				50CE063714F3F81E00682BBC /* DIWURootViewController.m in Sources */,
				50015F0214F4F0AD00733C83 /* DWLabel.m in Sources */,
			);
			runOnlyForDeploymentPostprocessing = 0;
		};
/* End PBXSourcesBuildPhase section */

/* Begin PBXVariantGroup section */
		50CE062614F3F08400682BBC /* InfoPlist.strings */ = {
			isa = PBXVariantGroup;
			children = (
				50CE062714F3F08400682BBC /* en */,
			);
			name = InfoPlist.strings;
			sourceTree = "<group>";
		};
/* End PBXVariantGroup section */

/* Begin XCBuildConfiguration section */
		50CE062F14F3F08400682BBC /* Debug */ = {
			isa = XCBuildConfiguration;
			buildSettings = {
				ALWAYS_SEARCH_USER_PATHS = NO;
				ARCHS = "$(ARCHS_STANDARD_32_BIT)";
				"CODE_SIGN_IDENTITY[sdk=iphoneos*]" = "iPhone Developer";
				COPY_PHASE_STRIP = NO;
				GCC_C_LANGUAGE_STANDARD = gnu99;
				GCC_DYNAMIC_NO_PIC = NO;
				GCC_OPTIMIZATION_LEVEL = 0;
				GCC_PREPROCESSOR_DEFINITIONS = (
					"DEBUG=1",
					"$(inherited)",
				);
				GCC_SYMBOLS_PRIVATE_EXTERN = NO;
				GCC_VERSION = com.apple.compilers.llvm.clang.1_0;
				GCC_WARN_ABOUT_RETURN_TYPE = YES;
				GCC_WARN_UNINITIALIZED_AUTOS = YES;
				GCC_WARN_UNUSED_VARIABLE = YES;
				IPHONEOS_DEPLOYMENT_TARGET = 5.0;
				SDKROOT = iphoneos;
			};
			name = Debug;
		};
		50CE063014F3F08400682BBC /* Release */ = {
			isa = XCBuildConfiguration;
			buildSettings = {
				ALWAYS_SEARCH_USER_PATHS = NO;
				ARCHS = "$(ARCHS_STANDARD_32_BIT)";
				"CODE_SIGN_IDENTITY[sdk=iphoneos*]" = "iPhone Developer";
				COPY_PHASE_STRIP = YES;
				GCC_C_LANGUAGE_STANDARD = gnu99;
				GCC_VERSION = com.apple.compilers.llvm.clang.1_0;
				GCC_WARN_ABOUT_RETURN_TYPE = YES;
				GCC_WARN_UNINITIALIZED_AUTOS = YES;
				GCC_WARN_UNUSED_VARIABLE = YES;
				IPHONEOS_DEPLOYMENT_TARGET = 5.0;
				OTHER_CFLAGS = "-DNS_BLOCK_ASSERTIONS=1";
				SDKROOT = iphoneos;
				VALIDATE_PRODUCT = YES;
			};
			name = Release;
		};
		50CE063214F3F08400682BBC /* Debug */ = {
			isa = XCBuildConfiguration;
			buildSettings = {
				GCC_PRECOMPILE_PREFIX_HEADER = YES;
				GCC_PREFIX_HEADER = "weixinlabel/weixinlabel-Prefix.pch";
				INFOPLIST_FILE = "weixinlabel/weixinlabel-Info.plist";
				PRODUCT_NAME = "$(TARGET_NAME)";
				WRAPPER_EXTENSION = app;
			};
			name = Debug;
		};
		50CE063314F3F08400682BBC /* Release */ = {
			isa = XCBuildConfiguration;
			buildSettings = {
				GCC_PRECOMPILE_PREFIX_HEADER = YES;
				GCC_PREFIX_HEADER = "weixinlabel/weixinlabel-Prefix.pch";
				INFOPLIST_FILE = "weixinlabel/weixinlabel-Info.plist";
				PRODUCT_NAME = "$(TARGET_NAME)";
				WRAPPER_EXTENSION = app;
			};
			name = Release;
		};
/* End XCBuildConfiguration section */

/* Begin XCConfigurationList section */
		50CE061314F3F08400682BBC /* Build configuration list for PBXProject "weixinlabel" */ = {
			isa = XCConfigurationList;
			buildConfigurations = (
				50CE062F14F3F08400682BBC /* Debug */,
				50CE063014F3F08400682BBC /* Release */,
			);
			defaultConfigurationIsVisible = 0;
			defaultConfigurationName = Release;
		};
		50CE063114F3F08400682BBC /* Build configuration list for PBXNativeTarget "weixinlabel" */ = {
			isa = XCConfigurationList;
			buildConfigurations = (
				50CE063214F3F08400682BBC /* Debug */,
				50CE063314F3F08400682BBC /* Release */,
			);
			defaultConfigurationIsVisible = 0;
			defaultConfigurationName = Release;
		};
/* End XCConfigurationList section */
	};
	rootObject = 50CE061014F3F08400682BBC /* Project object */;
}
